
Microsoft Visual Studio Solution File, Format Version 12.00
# Visual Studio Version 16
VisualStudioVersion = 16.0.30621.155
MinimumVisualStudioVersion = 10.0.40219.1
Project("{8BC9CEB8-8B4A-11D0-8D11-00A0C91BC942}") = "17lab", "17lab.vcxproj", "{887573B3-EB3D-4110-A0C4-2E8707F64821}"
EndProject
Global
	GlobalSection(SolutionConfigurationPlatforms) = preSolution
		Debug|x64 = Debug|x64
		Debug|x86 = Debug|x86
		Release|x64 = Release|x64
		Release|x86 = Release|x86
	EndGlobalSection
	GlobalSection(ProjectConfigurationPlatforms) = postSolution
		{887573B3-EB3D-4110-A0C4-2E8707F64821}.Debug|x64.ActiveCfg = Debug|x64
		{887573B3-EB3D-4110-A0C4-2E8707F64821}.Debug|x64.Build.0 = Debug|x64
		{887573B3-EB3D-4110-A0C4-2E8707F64821}.Debug|x86.ActiveCfg = Debug|Win32
		{887573B3-EB3D-4110-A0C4-2E8707F64821}.Debug|x86.Build.0 = Debug|Win32
		{887573B3-EB3D-4110-A0C4-2E8707F64821}.Release|x64.ActiveCfg = Release|x64
		{887573B3-EB3D-4110-A0C4-2E8707F64821}.Release|x64.Build.0 = Release|x64
		{887573B3-EB3D-4110-A0C4-2E8707F64821}.Release|x86.ActiveCfg = Release|Win32
		{887573B3-EB3D-4110-A0C4-2E8707F64821}.Release|x86.Build.0 = Release|Win32
	EndGlobalSection
	GlobalSection(SolutionProperties) = preSolution
		HideSolutionNode = FALSE
	EndGlobalSection
	GlobalSection(ExtensibilityGlobals) = postSolution
		SolutionGuid = {40F773C4-FEAA-40D0-8D57-E3591EA24675}
	EndGlobalSection
EndGlobal
