
Microsoft Visual Studio Solution File, Format Version 12.00
# Visual Studio Version 16
VisualStudioVersion = 16.0.30621.155
MinimumVisualStudioVersion = 10.0.40219.1
Project("{8BC9CEB8-8B4A-11D0-8D11-00A0C91BC942}") = "18.3", "18.3.vcxproj", "{58D848C8-00D8-4880-9FB0-9680BE1D18C6}"
EndProject
Global
	GlobalSection(SolutionConfigurationPlatforms) = preSolution
		Debug|x64 = Debug|x64
		Debug|x86 = Debug|x86
		Release|x64 = Release|x64
		Release|x86 = Release|x86
	EndGlobalSection
	GlobalSection(ProjectConfigurationPlatforms) = postSolution
		{58D848C8-00D8-4880-9FB0-9680BE1D18C6}.Debug|x64.ActiveCfg = Debug|x64
		{58D848C8-00D8-4880-9FB0-9680BE1D18C6}.Debug|x64.Build.0 = Debug|x64
		{58D848C8-00D8-4880-9FB0-9680BE1D18C6}.Debug|x86.ActiveCfg = Debug|Win32
		{58D848C8-00D8-4880-9FB0-9680BE1D18C6}.Debug|x86.Build.0 = Debug|Win32
		{58D848C8-00D8-4880-9FB0-9680BE1D18C6}.Release|x64.ActiveCfg = Release|x64
		{58D848C8-00D8-4880-9FB0-9680BE1D18C6}.Release|x64.Build.0 = Release|x64
		{58D848C8-00D8-4880-9FB0-9680BE1D18C6}.Release|x86.ActiveCfg = Release|Win32
		{58D848C8-00D8-4880-9FB0-9680BE1D18C6}.Release|x86.Build.0 = Release|Win32
	EndGlobalSection
	GlobalSection(SolutionProperties) = preSolution
		HideSolutionNode = FALSE
	EndGlobalSection
	GlobalSection(ExtensibilityGlobals) = postSolution
		SolutionGuid = {579FBFFF-129D-409E-BC2B-96BD60E29020}
	EndGlobalSection
EndGlobal
