
Microsoft Visual Studio Solution File, Format Version 12.00
# Visual Studio Version 16
VisualStudioVersion = 16.0.31205.134
MinimumVisualStudioVersion = 10.0.40219.1
Project("{8BC9CEB8-8B4A-11D0-8D11-00A0C91BC942}") = "lab20", "lab20.vcxproj", "{14CAA8E5-4DB1-4DCB-9A4A-431C6F60DF9F}"
EndProject
Global
	GlobalSection(SolutionConfigurationPlatforms) = preSolution
		Debug|x64 = Debug|x64
		Debug|x86 = Debug|x86
		Release|x64 = Release|x64
		Release|x86 = Release|x86
	EndGlobalSection
	GlobalSection(ProjectConfigurationPlatforms) = postSolution
		{14CAA8E5-4DB1-4DCB-9A4A-431C6F60DF9F}.Debug|x64.ActiveCfg = Debug|x64
		{14CAA8E5-4DB1-4DCB-9A4A-431C6F60DF9F}.Debug|x64.Build.0 = Debug|x64
		{14CAA8E5-4DB1-4DCB-9A4A-431C6F60DF9F}.Debug|x86.ActiveCfg = Debug|Win32
		{14CAA8E5-4DB1-4DCB-9A4A-431C6F60DF9F}.Debug|x86.Build.0 = Debug|Win32
		{14CAA8E5-4DB1-4DCB-9A4A-431C6F60DF9F}.Release|x64.ActiveCfg = Release|x64
		{14CAA8E5-4DB1-4DCB-9A4A-431C6F60DF9F}.Release|x64.Build.0 = Release|x64
		{14CAA8E5-4DB1-4DCB-9A4A-431C6F60DF9F}.Release|x86.ActiveCfg = Release|Win32
		{14CAA8E5-4DB1-4DCB-9A4A-431C6F60DF9F}.Release|x86.Build.0 = Release|Win32
	EndGlobalSection
	GlobalSection(SolutionProperties) = preSolution
		HideSolutionNode = FALSE
	EndGlobalSection
	GlobalSection(ExtensibilityGlobals) = postSolution
		SolutionGuid = {31555636-C1BC-4251-A657-C60A8DE9524E}
	EndGlobalSection
EndGlobal
